dependencies:
  espressif/button:
    component_hash: d0afa32f0e50d60bc0c6fc23f7eea98adc6b02cfe70b590bc52c23c506745287
    dependencies:
    - name: espressif/cmake_utilities
      registry_url: https://components.espressif.com
      require: private
      version: '*'
    - name: idf
      require: private
      version: '>=4.0'
    source:
      registry_url: https://components.espressif.com/
      type: service
    version: 4.1.6
  espressif/cmake_utilities:
    component_hash: 05165f30922b422b4b90c08845e6d449329b97370fbd06309803d8cb539d79e3
    dependencies:
    - name: idf
      require: private
      version: '>=4.1'
    source:
      registry_url: https://components.espressif.com
      type: service
    version: 1.1.1
  espressif/esp-serial-flasher:
    component_hash: 6f5d6859ce5b4a2d1a9eb42fa50aa1101096cb775cfea54440aab209bcb17c53
    dependencies:
    - name: idf
      require: private
      version: '>=4.3'
    - name: espressif/usb_host_cdc_acm
      registry_url: https://components.espressif.com
      require: private
      rules:
      - if: idf_version >=4.4
      - if: target in [esp32s2, esp32s3, esp32p4]
      version: ^2
    - name: espressif/usb_host_ch34x_vcp
      registry_url: https://components.espressif.com
      require: private
      rules:
      - if: idf_version >=4.4
      - if: target in [esp32s2, esp32s3, esp32p4]
      version: ^2.2
    - name: espressif/usb_host_cp210x_vcp
      registry_url: https://components.espressif.com
      require: private
      rules:
      - if: idf_version >=4.4
      - if: target in [esp32s2, esp32s3, esp32p4]
      version: ^2.2
    source:
      registry_url: https://components.espressif.com
      type: service
    version: 1.11.0
  espressif/esp_rcp_update:
    component_hash: 743cf2528dbd992590eb8e4dd8133f9486a3a55fc3837afed438e60a62b05267
    dependencies:
    - name: espressif/esp-serial-flasher
      registry_url: https://components.espressif.com
      require: private
      version: ^1.8.0
    - name: idf
      require: private
      version: '>=5.0'
    source:
      registry_url: https://components.espressif.com/
      type: service
    version: 1.6.1
  espressif/esp_secure_cert_mgr:
    component_hash: 2587797e68395edb67f30a7f9a7ce6a529492fa5fa6468592e912bc7ea34dbae
    dependencies:
    - name: idf
      require: private
      version: '>=4.3'
    source:
      registry_url: https://components.espressif.com/
      type: service
    version: 2.9.1
  espressif/jsmn:
    component_hash: d80350c41bbaa827c98a25b6072df00884e72f54885996fab4a4f0aebce6b6c3
    dependencies:
    - name: idf
      require: private
      version: '>=4.3'
    source:
      registry_url: https://components.espressif.com
      type: service
    version: 1.1.0
  espressif/json_generator:
    component_hash: 45033e1c199b13f1c8c1b544fb7d4e2df6a8e3071ebdcb1b22582b61a7974ff2
    dependencies: []
    source:
      registry_url: https://components.espressif.com/
      type: service
    version: 1.1.2
  espressif/json_parser:
    component_hash: d74b81729ad06ec11ff5eb5b1b0d7df1d00e6027fc11471f4b139c70dcf1b1e4
    dependencies:
    - name: espressif/jsmn
      registry_url: https://components.espressif.com
      require: private
      rules:
      - if: idf_version >=5.0
      version: ~1.1
    source:
      registry_url: https://components.espressif.com/
      type: service
    version: 1.0.3
  espressif/led_strip:
    component_hash: e8179c56057c243e80a8286c39361eb4bef33e42eb5f7fc841ea877597ca13f7
    dependencies: []
    source:
      registry_url: https://components.espressif.com/
      type: service
    version: 1.0.0
  espressif/mdns:
    component_hash: 7c0fa01a1cd0e72a87ec1928c3b661c0a3a9034a6d3a69dcf4850db8c6f272db
    dependencies:
    - name: idf
      require: private
      version: '>=5.0'
    source:
      registry_url: https://components.espressif.com/
      type: service
    version: 1.10.1
  espressif/usb_host_cdc_acm:
    component_hash: 71f9ae30021b1edb6f42980eb151ab24d0b602b8463861569a151b5254ba1e4b
    dependencies:
    - name: idf
      require: private
      version: '>=5.0'
    - name: espressif/usb
      registry_url: https://components.espressif.com
      require: public
      rules:
      - if: idf_version >=6.0
      - if: target not in ["linux"]
      version: ^1.0.0
    source:
      registry_url: https://components.espressif.com
      type: service
    targets:
    - esp32s2
    - esp32s3
    - esp32p4
    - esp32h4
    - linux
    version: 2.3.0
  espressif/usb_host_ch34x_vcp:
    component_hash: cc6f17936a11aa0ba460e716bd9b70fcd445824bcc7882afbe3ede3513f80c59
    dependencies:
    - name: idf
      require: private
      version: '>=4.4'
    - name: espressif/usb_host_cdc_acm
      registry_url: https://components.espressif.com
      require: public
      version: ^2.1.0
    source:
      registry_url: https://components.espressif.com
      type: service
    version: 2.2.0
  espressif/usb_host_cp210x_vcp:
    component_hash: c0404c598e2620fe88c35b5bf24d8e3b3ded41d9946fc865843be7f2f75da40e
    dependencies:
    - name: espressif/usb_host_cdc_acm
      registry_url: https://components.espressif.com
      require: public
      version: ^2.1.0
    - name: idf
      require: private
      version: '>=4.4'
    source:
      registry_url: https://components.espressif.com
      type: service
    version: 2.2.0
  idf:
    source:
      type: idf
    version: 5.1.4
direct_dependencies:
- espressif/button
- espressif/esp_rcp_update
- espressif/esp_secure_cert_mgr
- espressif/json_generator
- espressif/json_parser
- espressif/led_strip
- espressif/mdns
manifest_hash: a882a74b6870492a968b9afc0be0c67407adf3669d0720e668b0c430bc94a7e0
target: esp32s3
version: 2.0.0
